
Microsoft Visual Studio Solution File, Format Version 12.00
# Visual Studio Version 17
VisualStudioVersion = 17.14.36401.2 d17.14
MinimumVisualStudioVersion = 10.0.40219.1
Project("{FAE04EC0-301F-11D3-BF4B-00C04F79EFBC}") = "ForeverAlone", "ForeverAlone\ForeverAlone.csproj", "{0DB34C3C-F71E-4AEB-B73B-0A38817B2D5D}"
EndProject
Global
	GlobalSection(SolutionConfigurationPlatforms) = preSolution
		Debug|Any CPU = Debug|Any CPU
		Release|Any CPU = Release|Any CPU
	EndGlobalSection
	GlobalSection(ProjectConfigurationPlatforms) = postSolution
		{0DB34C3C-F71E-4AEB-B73B-0A38817B2D5D}.Debug|Any CPU.ActiveCfg = Debug|Any CPU
		{0DB34C3C-F71E-4AEB-B73B-0A38817B2D5D}.Debug|Any CPU.Build.0 = Debug|Any CPU
		{0DB34C3C-F71E-4AEB-B73B-0A38817B2D5D}.Release|Any CPU.ActiveCfg = Release|Any CPU
		{0DB34C3C-F71E-4AEB-B73B-0A38817B2D5D}.Release|Any CPU.Build.0 = Release|Any CPU
	EndGlobalSection
	GlobalSection(SolutionProperties) = preSolution
		HideSolutionNode = FALSE
	EndGlobalSection
	GlobalSection(ExtensibilityGlobals) = postSolution
		SolutionGuid = {44820892-1aa0-443f-a2f7-218d80240130}
	EndGlobalSection
EndGlobal
